
Microsoft Visual Studio Solution File, Format Version 12.00
# Visual Studio Version 17
VisualStudioVersion = 17.14.36310.24 d17.14
MinimumVisualStudioVersion = 10.0.40219.1
Project("{FAE04EC0-301F-11D3-BF4B-00C04F79EFBC}") = "CarRentalAPI", "CarRentalAPI.API\CarRentalAPI.csproj", "{07AF14AB-817E-AA38-DC05-9D6585B1BDF0}"
EndProject
Project("{FAE04EC0-301F-11D3-BF4B-00C04F79EFBC}") = "CarRentalAPI.Tests", "CarRentalAPI.Tests\CarRentalAPI.Tests.csproj", "{17857633-43AD-E8FD-F54C-4CC89D661EDD}"
EndProject
Global
	GlobalSection(SolutionConfigurationPlatforms) = preSolution
		Debug|Any CPU = Debug|Any CPU
		Release|Any CPU = Release|Any CPU
	EndGlobalSection
	GlobalSection(ProjectConfigurationPlatforms) = postSolution
		{07AF14AB-817E-AA38-DC05-9D6585B1BDF0}.Debug|Any CPU.ActiveCfg = Debug|Any CPU
		{07AF14AB-817E-AA38-DC05-9D6585B1BDF0}.Debug|Any CPU.Build.0 = Debug|Any CPU
		{07AF14AB-817E-AA38-DC05-9D6585B1BDF0}.Release|Any CPU.ActiveCfg = Release|Any CPU
		{07AF14AB-817E-AA38-DC05-9D6585B1BDF0}.Release|Any CPU.Build.0 = Release|Any CPU
		{17857633-43AD-E8FD-F54C-4CC89D661EDD}.Debug|Any CPU.ActiveCfg = Debug|Any CPU
		{17857633-43AD-E8FD-F54C-4CC89D661EDD}.Debug|Any CPU.Build.0 = Debug|Any CPU
		{17857633-43AD-E8FD-F54C-4CC89D661EDD}.Release|Any CPU.ActiveCfg = Release|Any CPU
		{17857633-43AD-E8FD-F54C-4CC89D661EDD}.Release|Any CPU.Build.0 = Release|Any CPU
	EndGlobalSection
	GlobalSection(SolutionProperties) = preSolution
		HideSolutionNode = FALSE
	EndGlobalSection
	GlobalSection(ExtensibilityGlobals) = postSolution
		SolutionGuid = {E5DEE15A-E370-4C4E-8FE3-B9048A0AC2E9}
	EndGlobalSection
EndGlobal
